
Microsoft Visual Studio Solution File, Format Version 12.00
# Visual Studio Version 16
VisualStudioVersion = 16.0.29001.49
MinimumVisualStudioVersion = 10.0.40219.1
Project("{FAE04EC0-301F-11D3-BF4B-00C04F79EFBC}") = "PPE3_CodeMatters_Github", "PPE3_CodeMatters_Github\PPE3_CodeMatters_Github.csproj", "{08E968BC-1148-4E2A-9076-5AB0B5DCD2FB}"
EndProject
Global
	GlobalSection(SolutionConfigurationPlatforms) = preSolution
		Debug|Any CPU = Debug|Any CPU
		Release|Any CPU = Release|Any CPU
	EndGlobalSection
	GlobalSection(ProjectConfigurationPlatforms) = postSolution
		{08E968BC-1148-4E2A-9076-5AB0B5DCD2FB}.Debug|Any CPU.ActiveCfg = Debug|Any CPU
		{08E968BC-1148-4E2A-9076-5AB0B5DCD2FB}.Debug|Any CPU.Build.0 = Debug|Any CPU
		{08E968BC-1148-4E2A-9076-5AB0B5DCD2FB}.Release|Any CPU.ActiveCfg = Release|Any CPU
		{08E968BC-1148-4E2A-9076-5AB0B5DCD2FB}.Release|Any CPU.Build.0 = Release|Any CPU
	EndGlobalSection
	GlobalSection(SolutionProperties) = preSolution
		HideSolutionNode = FALSE
	EndGlobalSection
	GlobalSection(ExtensibilityGlobals) = postSolution
		SolutionGuid = {79348D63-89D2-4E3E-BE54-EA55D34FAD46}
	EndGlobalSection
EndGlobal
